lockfileVersion: '9.0'

settings:
  autoInstallPeers: true
  excludeLinksFromLockfile: false

importers:

  .:
    dependencies:
      '@voerkai18n/runtime':
        specifier: ^2.1.12
        version: 2.1.12
      vue:
        specifier: 3.5.13
        version: 3.5.13(typescript@5.6.3)
    devDependencies:
      '@vitejs/plugin-vue':
        specifier: 5.1.2
        version: 5.1.2(vite@5.2.12(@types/node@22.7.5)(less@4.1.3)(lightningcss@1.27.0)(sass@1.79.5)(stylus@0.63.0)(sugarss@4.0.1(postcss@8.4.48))(terser@5.34.1))(vue@3.5.13(typescript@5.6.3))
      typescript:
        specifier: 5.6.3
        version: 5.6.3
      vite:
        specifier: 5.2.12
        version: 5.2.12(@types/node@22.7.5)(less@4.1.3)(lightningcss@1.27.0)(sass@1.79.5)(stylus@0.63.0)(sugarss@4.0.1(postcss@8.4.48))(terser@5.34.1)
      vue-tsc:
        specifier: 2.0.24
        version: 2.0.24(typescript@5.6.3)

packages:

  '@adobe/css-tools@4.3.3':
    resolution: {integrity: sha1-kHSb3ouJzUF2QiT1qsKc1BOPdf8=}

  '@babel/helper-string-parser@7.25.9':
    resolution: {integrity: sha1-Gqu3Lucu01eJtLvK08ooYs5hTow=}
    engines: {node: '>=6.9.0'}

  '@babel/helper-validator-identifier@7.25.9':
    resolution: {integrity: sha1-JLZOLD7HzTs8VHcpuNFocfIsvcc=}
    engines: {node: '>=6.9.0'}

  '@babel/parser@7.26.2':
    resolution: {integrity: sha1-/XtvSHz+oJiJVX711O65/5pavRE=}
    engines: {node: '>=6.0.0'}
    hasBin: true

  '@babel/types@7.26.0':
    resolution: {integrity: sha1-3qvQjWt1O8jg8Zj4cJ+1deMXdP8=}
    engines: {node: '>=6.9.0'}

  '@esbuild/aix-ppc64@0.20.2':
    resolution: {integrity: sha1-pw9KwRxqHfwYuLuxMoQVXZM7lTc=}
    engines: {node: '>=12'}

  '@esbuild/android-arm64@0.20.2':
    resolution: {integrity: sha1-2xySAqW8kuoEx7aEDxu+Cev55rk=}
    engines: {node: '>=12'}

  '@esbuild/android-arm@0.20.2':
    resolution: {integrity: sha1-O0iMSa7p1JHCyPmKkJt4WHDW6ZU=}
    engines: {node: '>=12'}

  '@esbuild/android-x64@0.20.2':
    resolution: {integrity: sha1-OxYoAp5VdiSdKy12ZpblB2hEn5g=}
    engines: {node: '>=12'}

  '@esbuild/darwin-arm64@0.20.2':
    resolution: {integrity: sha1-boUXoEXd2GrjDGYIyEdevAxAALs=}
    engines: {node: '>=12'}

  '@esbuild/darwin-x64@0.20.2':
    resolution: {integrity: sha1-kO0Jjh+d2Kk4FpWyB+HP9FVAoNA=}
    engines: {node: '>=12'}

  '@esbuild/freebsd-arm64@0.20.2':
    resolution: {integrity: sha1-1xUC0e6JoRMDJ+iQNkZmx2CiqRE=}
    engines: {node: '>=12'}

  '@esbuild/freebsd-x64@0.20.2':
    resolution: {integrity: sha1-ql6ljZwd2a9oi4tvY+8NPWDOpTw=}
    engines: {node: '>=12'}

  '@esbuild/linux-arm64@0.20.2':
    resolution: {integrity: sha1-BVtjcl32eDebD2250PqFRjdVsuU=}
    engines: {node: '>=12'}

  '@esbuild/linux-arm@0.20.2':
    resolution: {integrity: sha1-drO5jLH4eTb7w38HPvq61J3NiJw=}
    engines: {node: '>=12'}

  '@esbuild/linux-ia32@0.20.2':
    resolution: {integrity: sha1-wOXnh8KFJk5d/Hp58EuLTu/a1/o=}
    engines: {node: '>=12'}

  '@esbuild/linux-loong64@0.20.2':
    resolution: {integrity: sha1-phhOYr183GPgwESLg4AQAWUyGcU=}
    engines: {node: '>=12'}

  '@esbuild/linux-mips64el@0.20.2':
    resolution: {integrity: sha1-0I45zob0Xvj8iFSdKcYris9WSao=}
    engines: {node: '>=12'}

  '@esbuild/linux-ppc64@0.20.2':
    resolution: {integrity: sha1-jSUvC3dW/9bRy95epn/4/SBDfyA=}
    engines: {node: '>=12'}

  '@esbuild/linux-riscv64@0.20.2':
    resolution: {integrity: sha1-Gfbc2xRAna5gf2bKEYHdTp24EwA=}
    engines: {node: '>=12'}

  '@esbuild/linux-s390x@0.20.2':
    resolution: {integrity: sha1-PIMMkPGl190Uc9VZXqTruSCYhoU=}
    engines: {node: '>=12'}

  '@esbuild/linux-x64@0.20.2':
    resolution: {integrity: sha1-huyjUgOvwNneBpTGTsCrCjePb/8=}
    engines: {node: '>=12'}

  '@esbuild/netbsd-x64@0.20.2':
    resolution: {integrity: sha1-53HI6w4Pbhh3/9QiADa5iu1ZFeY=}
    engines: {node: '>=12'}

  '@esbuild/openbsd-x64@0.20.2':
    resolution: {integrity: sha1-mnla5LTjfmdPD01xbz4ibdfDm68=}
    engines: {node: '>=12'}

  '@esbuild/sunos-x64@0.20.2':
    resolution: {integrity: sha1-ffI7YaSXuKwYne9uJalWc8rtsD8=}
    engines: {node: '>=12'}

  '@esbuild/win32-arm64@0.20.2':
    resolution: {integrity: sha1-8a5av5ygUq4RwbyAb7TA9Rm6z5A=}
    engines: {node: '>=12'}

  '@esbuild/win32-ia32@0.20.2':
    resolution: {integrity: sha1-JB/mLDTY6EYc1wgneBPh0LpVziM=}
    engines: {node: '>=12'}

  '@esbuild/win32-x64@0.20.2':
    resolution: {integrity: sha1-nJB7IeMKUtuVm6T4C7AaDMQD1cw=}
    engines: {node: '>=12'}

  '@isaacs/cliui@8.0.2':
    resolution: {integrity: sha1-s3Znt7wYHBaHgiWbq0JHT79StVA=}
    engines: {node: '>=12'}

  '@jridgewell/gen-mapping@0.3.5':
    resolution: {integrity: sha1-3M5q/3S99trRqVgCtpsEovyx+zY=}
    engines: {node: '>=6.0.0'}

  '@jridgewell/resolve-uri@3.1.2':
    resolution: {integrity: sha1-eg7mAfYPmaIMfHxf8MgDiMEYm9Y=}
    engines: {node: '>=6.0.0'}

  '@jridgewell/set-array@1.2.1':
    resolution: {integrity: sha1-VY+2Ry7RakyFC4iVMOazZDjEkoA=}
    engines: {node: '>=6.0.0'}

  '@jridgewell/source-map@0.3.6':
    resolution: {integrity: sha1-nXHKiG4yUC65NiyadKRnh8Nt+Bo=}

  '@jridgewell/sourcemap-codec@1.5.0':
    resolution: {integrity: sha1-MYi8snOkFLDSFf0ipYVAuYm5QJo=}

  '@jridgewell/trace-mapping@0.3.25':
    resolution: {integrity: sha1-FfGQ6YiV8/wjJ27hS8drZ1wuUPA=}

  '@parcel/watcher-android-arm64@2.4.1':
    resolution: {integrity: sha1-wsGaPEQjE/8AfS16nCwd0+HJyoQ=}
    engines: {node: '>= 10.0.0'}

  '@parcel/watcher-darwin-arm64@2.4.1':
    resolution: {integrity: sha1-yBfHo7Tzp5wVNb/lShwoGNn/3DQ=}
    engines: {node: '>= 10.0.0'}

  '@parcel/watcher-darwin-x64@2.4.1':
    resolution: {integrity: sha1-Gj9p2TI+rk8cYaX0gKWcR40ssCA=}
    engines: {node: '>= 10.0.0'}

  '@parcel/watcher-freebsd-x64@2.4.1':
    resolution: {integrity: sha1-DWf+8WCfkLpqimYrx2pV/JNwb8g=}
    engines: {node: '>= 10.0.0'}

  '@parcel/watcher-linux-arm-glibc@2.4.1':
    resolution: {integrity: sha1-zls0DaWCm45Ua9APdSrlKS4ccC0=}
    engines: {node: '>= 10.0.0'}

  '@parcel/watcher-linux-arm64-glibc@2.4.1':
    resolution: {integrity: sha1-bXwA3ebUBgj5VU5zmY2xGysf98c=}
    engines: {node: '>= 10.0.0'}

  '@parcel/watcher-linux-arm64-musl@2.4.1':
    resolution: {integrity: sha1-vTm8cQFfCKSjGkfNicI2udan9jU=}
    engines: {node: '>= 10.0.0'}

  '@parcel/watcher-linux-x64-glibc@2.4.1':
    resolution: {integrity: sha1-DOKZZrCC+2zdPeRPL3QFfu8snjk=}
    engines: {node: '>= 10.0.0'}

  '@parcel/watcher-linux-x64-musl@2.4.1':
    resolution: {integrity: sha1-0uu/YOQHFwu2R81uRH9PK6sZrRY=}
    engines: {node: '>= 10.0.0'}

  '@parcel/watcher-win32-arm64@2.4.1':
    resolution: {integrity: sha1-603u836A8LXi8hXdbXptQKhfitw=}
    engines: {node: '>= 10.0.0'}

  '@parcel/watcher-win32-ia32@2.4.1':
    resolution: {integrity: sha1-lPvUtJe+Of1cjHG6BUNpJ4Qsnfc=}
    engines: {node: '>= 10.0.0'}

  '@parcel/watcher-win32-x64@2.4.1':
    resolution: {integrity: sha1-S/kgkS9nyuXy0mT1jfgav+po2t8=}
    engines: {node: '>= 10.0.0'}

  '@parcel/watcher@2.4.1':
    resolution: {integrity: sha1-pQJ1FRobsRCHnGEjWJ26kMGfG/g=}
    engines: {node: '>= 10.0.0'}

  '@pkgjs/parseargs@0.11.0':
    resolution: {integrity: sha1-p36nQvqyV3UUVDTrHSMoz1ATrDM=}
    engines: {node: '>=14'}

  '@rollup/rollup-android-arm-eabi@4.24.0':
    resolution: {integrity: sha1-FmH/Xqm+s2J5UwTLkWBJq6esnFQ=}

  '@rollup/rollup-android-arm64@4.24.0':
    resolution: {integrity: sha1-L/qpHxtVoAgrinIlJXQarcvTlx4=}

  '@rollup/rollup-darwin-arm64@4.24.0':
    resolution: {integrity: sha1-YnAHIhskuMwwY3A+7guRd+30nB8=}

  '@rollup/rollup-darwin-x64@4.24.0':
    resolution: {integrity: sha1-BgVQYUK555bDcNWcWYSulbl1hyQ=}

  '@rollup/rollup-linux-arm-gnueabihf@4.24.0':
    resolution: {integrity: sha1-Yt/RltSxDAwtuDOJcWTS0xnuDLs=}

  '@rollup/rollup-linux-arm-musleabihf@4.24.0':
    resolution: {integrity: sha1-U85yrrmC8fNLWLOAuq+vaiQP3bM=}

  '@rollup/rollup-linux-arm64-gnu@4.24.0':
    resolution: {integrity: sha1-FjKZD2KnXHT0PksUqzWX1+1BZJY=}

  '@rollup/rollup-linux-arm64-musl@4.24.0':
    resolution: {integrity: sha1-jAOplu+0HiV7QUsuBWC3oh8tkGU=}

  '@rollup/rollup-linux-powerpc64le-gnu@4.24.0':
    resolution: {integrity: sha1-W5hylijVvMj383tYsE1oRfhce10=}

  '@rollup/rollup-linux-riscv64-gnu@4.24.0':
    resolution: {integrity: sha1-SOQuQfTKvzVzz+/LRIWZxRLiKYM=}

  '@rollup/rollup-linux-s390x-gnu@4.24.0':
    resolution: {integrity: sha1-4LT5qWaHLLfT4hueQSpLfv1/C1g=}

  '@rollup/rollup-linux-x64-gnu@4.24.0':
    resolution: {integrity: sha1-eBRHQZkxAPR709py/OIV4HeuA2s=}

  '@rollup/rollup-linux-x64-musl@4.24.0':
    resolution: {integrity: sha1-2f4ylxiDzRvYWDNr0zocPKYUYSc=}

  '@rollup/rollup-win32-arm64-msvc@4.24.0':
    resolution: {integrity: sha1-cfo+o2kxbbcDqQnHkHQ5cumK+uU=}

  '@rollup/rollup-win32-ia32-msvc@4.24.0':
    resolution: {integrity: sha1-ZT9ZiaYGWOF9dXajmW3rOQLjQuI=}

  '@rollup/rollup-win32-x64-msvc@4.24.0':
    resolution: {integrity: sha1-BXTX6HtE7oUR0IzH+RS8uAK3CBg=}

  '@types/estree@1.0.6':
    resolution: {integrity: sha1-Yo7/7q4gZKG055946B2Ht+X8e1A=}

  '@types/node@22.7.5':
    resolution: {integrity: sha1-z96YFyenqzYRpIFRC0c65URCuSs=}

  '@vitejs/plugin-vue@5.1.2':
    resolution: {integrity: sha1-8RCR4BMOymwcqM+4XucepTslXTE=}
    engines: {node: ^18.0.0 || >=20.0.0}
    peerDependencies:
      vite: ^5.0.0
      vue: ^3.2.25

  '@voerkai18n/runtime@2.1.12':
    resolution: {integrity: sha1-Vuu6MrrxioIoWI2lG2m2VYLGoZU=}

  '@volar/language-core@2.4.0':
    resolution: {integrity: sha1-li78Zv+RmO4kEnhumVKL93za0QA=}

  '@volar/source-map@2.4.0':
    resolution: {integrity: sha1-tmkPBsYA6vWHu8gbAVMgPk9ttyo=}

  '@volar/typescript@2.4.0':
    resolution: {integrity: sha1-+QnSDf5D3YRtMGlfblRnJ2/0QY4=}

  '@vue/compiler-core@3.5.13':
    resolution: {integrity: sha1-sK5sQ0f2DAPoSaBdNOW/dHyb2gU=}

  '@vue/compiler-dom@3.5.13':
    resolution: {integrity: sha1-uxuHWNvFQrNljdqXO5ihyTEailg=}

  '@vue/compiler-sfc@3.5.13':
    resolution: {integrity: sha1-Rh+L00O1wG+sQYnE/vivMt6oK0Y=}

  '@vue/compiler-ssr@3.5.13':
    resolution: {integrity: sha1-53GtzKbT0AD5GkJ3yXKpltB/Q7o=}

  '@vue/language-core@2.0.24':
    resolution: {integrity: sha1-B4yebDEijjH5gcFJEjoOBIiWPao=}
    peerDependencies:
      typescript: '*'

  '@vue/reactivity@3.5.13':
    resolution: {integrity: sha1-tB/yu4ZeCTiZoiIZ9bJfl7b+FV8=}

  '@vue/runtime-core@3.5.13':
    resolution: {integrity: sha1-H6+kvwuXrw692dv+mM1jDaNjpFU=}

  '@vue/runtime-dom@3.5.13':
    resolution: {integrity: sha1-YQ/Hld6SRjAOiuiGWTDVNOEkYhU=}

  '@vue/server-renderer@3.5.13':
    resolution: {integrity: sha1-Qp6tYu5R3niWRsIu/pCOSJqtRvc=}
    peerDependencies:
      vue: 3.5.13

  '@vue/shared@3.5.13':
    resolution: {integrity: sha1-h7MJpjecIrkm5paJMjeCb2Qzm28=}

  acorn@5.7.4:
    resolution: {integrity: sha512-1D++VG7BhrtvQpNbBzovKNc1FLGGEE/oGe7b9xJm/RFHMBeUaUGpluV9RLjZa47YFdPcDAenEYuq9pQPcMdLJg==}
    engines: {node: '>=0.4.0'}
    hasBin: true

  acorn@8.14.0:
    resolution: {integrity: sha1-Bj4scMrF+09kZ/CxEVLgTGgnlbA=}
    engines: {node: '>=0.4.0'}
    hasBin: true

  ansi-regex@5.0.1:
    resolution: {integrity: sha1-CCyyyJyf6GWaMRpTvWpNxTAdswQ=}
    engines: {node: '>=8'}

  ansi-regex@6.1.0:
    resolution: {integrity: sha1-lexAnGlhnWyxuLNPFLZg7yjr1lQ=}
    engines: {node: '>=12'}

  ansi-styles@4.3.0:
    resolution: {integrity: sha512-zbB9rCJAT1rbjiVDb2hqKFHNYLxgtk8NURxZ3IZwD3F6NtxbXZQCnnSi1Lkx+IDohdPlFp222wVALIheZJQSEg==}
    engines: {node: '>=8'}

  ansi-styles@6.2.1:
    resolution: {integrity: sha1-DmIyDPmcIa//OzASGSVGqsv7BcU=}
    engines: {node: '>=12'}

  art-template@4.13.2:
    resolution: {integrity: sha1-TEy9RN4IqtAxZgJAhx9Fx9c3z8E=}
    engines: {node: '>= 1.0.0'}

  balanced-match@1.0.2:
    resolution: {integrity: sha1-6D46fj8wCzTLnYf2FfoMvzV2kO4=}

  brace-expansion@1.1.11:
    resolution: {integrity: sha512-iCuPHDFgrHX7H2vEI/5xpz07zSHB00TpugqhmYtVmMO6518mCuRMoOYFldEBl0g187ufozdaHgWKcYFb61qGiA==}

  brace-expansion@2.0.1:
    resolution: {integrity: sha1-HtxFng8MVISG7Pn8mfIiE2S5oK4=}

  braces@3.0.3:
    resolution: {integrity: sha1-SQMy9AkZRSJy1VqEgK3AxEE1h4k=}
    engines: {node: '>=8'}

  buffer-from@1.1.2:
    resolution: {integrity: sha1-KxRqb9cugLT1XSVfNe1Zo6mkG9U=}

  camel-case@3.0.0:
    resolution: {integrity: sha1-yjw2iKTpzzpM2nd9xNy8cTJJz3M=}

  chokidar@4.0.0:
    resolution: {integrity: sha1-TWA5Y+Xddi3Fx7sctWZOU6MAIiU=}
    engines: {node: '>= 14.16.0'}

  clean-css@4.2.4:
    resolution: {integrity: sha512-EJUDT7nDVFDvaQgAo2G/PJvxmp1o/c6iXLbswsBbUFXi1Nr+AjA2cKmfbKDMjMvzEe75g3P6JkaDDAKk96A85A==}
    engines: {node: '>= 4.0'}

  color-convert@2.0.1:
    resolution: {integrity: sha1-ctOmjVmMm9s68q0ehPIdiWq9TeM=}
    engines: {node: '>=7.0.0'}

  color-name@1.1.4:
    resolution: {integrity: sha1-wqCah6y95pVD3m9j+jmVyCbFNqI=}

  commander@2.17.1:
    resolution: {integrity: sha1-vXerfebelCBc6sxy8XFtKfIKd78=}

  commander@2.19.0:
    resolution: {integrity: sha1-9hmKqE5bg8RgVLlN3tv+1e6f8So=}

  commander@2.20.3:
    resolution: {integrity: sha512-GpVkmM8vF2vQUkj2LvZmD35JxeJOLCwJ9cUkugyk2nuhbv3+mJvpLYYt+0+USMxE+oj+ey/lJEnhZw75x/OMcQ==}

  computeds@0.0.1:
    resolution: {integrity: sha1-IVsIpLo+CKEf9u7l1tjXFmqXzi4=}

  concat-map@0.0.1:
    resolution: {integrity: sha1-2Klr13/Wjfd5OnMDajug1UBdR3s=}

  copy-anything@2.0.6:
    resolution: {integrity: sha512-1j20GZTsvKNkc4BY3NpMOM8tt///wY3FpIzozTOFO2ffuZcV61nojHXVKIy3WM+7ADCy5FVhdZYHYDdgTU0yJw==}

  cross-spawn@7.0.6:
    resolution: {integrity: sha1-ilj+ePANzXDDcEUXWd+/rwPo7p8=}
    engines: {node: '>= 8'}

  csstype@3.1.3:
    resolution: {integrity: sha1-2A/ylNEU+w5qxQD7+FtgE31+/4E=}

  de-indent@1.0.2:
    resolution: {integrity: sha1-sgOOhG3DO6pXlhKNCAS0VbjB4h0=}

  debug@3.2.7:
    resolution: {integrity: sha1-clgLfpFF+zm2Z2+cXl+xALk0F5o=}
    peerDependencies:
      supports-color: '*'
    peerDependenciesMeta:
      supports-color:
        optional: true

  debug@4.3.7:
    resolution: {integrity: sha1-h5RbQVGgEddtlaGY1xEchlw2ClI=}
    engines: {node: '>=6.0'}

  deep-is@0.1.4:
    resolution: {integrity: sha1-pvLc5hL63S7x9Rm3NVHxfoUZmDE=}

  detect-libc@1.0.3:
    resolution: {integrity: sha1-+hN8S9aY7fVc1c0CrFWfkaTEups=}
    engines: {node: '>=0.10'}
    hasBin: true

  eastasianwidth@0.2.0:
    resolution: {integrity: sha1-aWzi7Aqg5uqTo5f/zySqeEDIJ8s=}

  emoji-regex@8.0.0:
    resolution: {integrity: sha1-6Bj9ac5cz8tARZT4QpY79TFkzDc=}

  emoji-regex@9.2.2:
    resolution: {integrity: sha1-hAyIA7DYBH9P8M+WMXazLU7z7XI=}

  entities@4.5.0:
    resolution: {integrity: sha1-XSaOpecRPsdMTQM7eepaNaSI+0g=}
    engines: {node: '>=0.12'}

  errno@0.1.8:
    resolution: {integrity: sha512-dJ6oBr5SQ1VSd9qkk7ByRgb/1SH4JZjCHSW/mr63/QcXO9zLVxvJ6Oy13nio03rxpSnVDDjFor75SjVeZWPW/A==}
    hasBin: true

  esbuild@0.20.2:
    resolution: {integrity: sha1-nWsjhlYXZu5rWlUZbG12bSjIfqE=}
    engines: {node: '>=12'}
    hasBin: true

  escodegen@1.14.3:
    resolution: {integrity: sha512-qFcX0XJkdg+PB3xjZZG/wKSuT1PnQWx57+TVSjIMmILd2yC/6ByYElPwJnslDsuWuSAp4AwJGumarAAmJch5Kw==}
    engines: {node: '>=4.0'}
    hasBin: true

  esprima@4.0.1:
    resolution: {integrity: sha1-E7BM2z5sXRnfkatph6hpVhmwqnE=}
    engines: {node: '>=4'}
    hasBin: true

  estraverse@4.3.0:
    resolution: {integrity: sha512-39nnKffWz8xN1BU/2c79n9nB9HDzo0niYUqx6xyqUnyoAnQyyWpOTdZEeiCch8BBu515t4wp9ZmgVfVhn9EBpw==}
    engines: {node: '>=4.0'}

  estree-walker@2.0.2:
    resolution: {integrity: sha1-UvAQF4wqTBF6d1fP6UKtt9LaTKw=}

  esutils@2.0.3:
    resolution: {integrity: sha1-dNLrTeC42hKTcRkQ1Qd1ubcQ72Q=}
    engines: {node: '>=0.10.0'}

  fast-levenshtein@2.0.6:
    resolution: {integrity: sha1-PYpcZog6FqMMqGQ+hR8Zuqd5eRc=}

  fill-range@7.1.1:
    resolution: {integrity: sha1-RCZdPKwH4+p9wkdRY4BkN1SgUpI=}
    engines: {node: '>=8'}

  flex-tools@1.4.11:
    resolution: {integrity: sha1-nhuU+2GOKooNjH4+3gC7ZqHlZ8U=}

  foreground-child@3.3.0:
    resolution: {integrity: sha1-CshkTAbkMUOfhWHbjs8pp7VRnHc=}
    engines: {node: '>=14'}

  fs.realpath@1.0.0:
    resolution: {integrity: sha1-FQStJSMVjKpA20onh8sBQRmU6k8=}

  fsevents@2.3.3:
    resolution: {integrity: sha1-ysZAd4XQNnWipeGlMFxpezR9kNY=}
    engines: {node: ^8.16.0 || ^10.6.0 || >=11.0.0}

  glob@10.3.3:
    resolution: {integrity: sha1-g2Ck/91u2Q34SqjVLyH0UuhqEjs=}
    engines: {node: '>=16 || 14 >=14.17'}
    hasBin: true

  glob@7.2.3:
    resolution: {integrity: sha1-uN8PuAK7+o6JvR2Ti04WV47UTys=}

  graceful-fs@4.2.11:
    resolution: {integrity: sha1-QYPk6L8Iu24Fu7L30uDI9xLKQOM=}

  he@1.2.0:
    resolution: {integrity: sha1-hK5l+n6vsWX922FWauFLrwVmTw8=}
    hasBin: true

  html-minifier@3.5.21:
    resolution: {integrity: sha512-LKUKwuJDhxNa3uf/LPR/KVjm/l3rBqtYeCOAekvG8F1vItxMUpueGd94i/asDDr8/1u7InxzFA5EeGjhhG5mMA==}
    engines: {node: '>=4'}
    hasBin: true

  iconv-lite@0.6.3:
    resolution: {integrity: sha1-pS+AvzjaGVLrXGgXkHGYcaGnJQE=}
    engines: {node: '>=0.10.0'}

  image-size@0.5.5:
    resolution: {integrity: sha512-6TDAlDPZxUFCv+fuOkIoXT/V/f3Qbq8e37p+YOiYrUv3v9cc3/6x78VdfPgFVaB9dZYeLUfKgHRebpkm/oP2VQ==}
    engines: {node: '>=0.10.0'}
    hasBin: true

  immutable@4.3.7:
    resolution: {integrity: sha1-xwFF/JDYn7AgIeZchOsCJuTlo4E=}

  inflight@1.0.6:
    resolution: {integrity: sha1-Sb1jMdfQLQwJvJEKEHW6gWW1bfk=}

  inherits@2.0.4:
    resolution: {integrity: sha1-D6LGT5MpF8NDOg3tVTY6rjdBa3w=}

  is-extglob@2.1.1:
    resolution: {integrity: sha1-qIwCU1eR8C7TfHahueqXc8gz+MI=}
    engines: {node: '>=0.10.0'}

  is-fullwidth-code-point@3.0.0:
    resolution: {integrity: sha1-8Rb4Bk/pCz94RKOJl8C3UFEmnx0=}
    engines: {node: '>=8'}

  is-glob@4.0.3:
    resolution: {integrity: sha1-ZPYeQsu7LuwgcanawLKLoeZdUIQ=}
    engines: {node: '>=0.10.0'}

  is-keyword-js@1.0.3:
    resolution: {integrity: sha1-rDDc81tnH0snsX9ctXI1EmAhEy0=}
    engines: {node: '>=0.10.0'}

  is-number@7.0.0:
    resolution: {integrity: sha1-dTU0W4lnNNX4DE0GxQlVUnoU8Ss=}
    engines: {node: '>=0.12.0'}

  is-what@3.14.1:
    resolution: {integrity: sha1-4SIvRt3ahd6tD9HJ3xMXYOd3VcE=}

  isexe@2.0.0:
    resolution: {integrity: sha1-6PvzdNxVb/iUehDcsFctYz8s+hA=}

  jackspeak@2.3.6:
    resolution: {integrity: sha1-ZH7MRyI4ruSwasDkYazCGoxQXKg=}
    engines: {node: '>=14'}

  js-tokens@3.0.2:
    resolution: {integrity: sha1-mGbfOVECEw449/mWvOtlRDIJwls=}

  less@4.1.3:
    resolution: {integrity: sha1-F1vp3cv5slAXPgoAtNaSClt3AkY=}
    engines: {node: '>=6'}
    hasBin: true

  levn@0.3.0:
    resolution: {integrity: sha1-OwmSTt+fCDwEkP3UwLxEIeBHZO4=}
    engines: {node: '>= 0.8.0'}

  lightningcss@1.27.0:
    resolution: {integrity: sha1-1GCOYwRDQ4Nt2XafbItdYHhnZJo=}
    engines: {node: '>= 12.0.0'}

  lower-case@1.1.4:
    resolution: {integrity: sha512-2Fgx1Ycm599x+WGpIYwJOvsjmXFzTSc34IwDWALRA/8AopUKAVPwfJ+h5+f85BCp0PWmmJcWzEpxOpoXycMpdA==}

  lru-cache@10.3.0:
    resolution: {integrity: sha1-SkqvEMhGWKtw95qFqaPx4fsRGWs=}
    engines: {node: 14 || >=16.14}

  lru-cache@6.0.0:
    resolution: {integrity: sha1-bW/mVw69lqr5D8rR2vo7JWbbOpQ=}
    engines: {node: '>=10'}

  magic-string@0.30.13:
    resolution: {integrity: sha1-kkOOP/SUbPVPGCR8mB5cFhxGaDw=}

  make-dir@2.1.0:
    resolution: {integrity: sha1-XwMQ4YuL6JjMBwCSlaMK5B6R5vU=}
    engines: {node: '>=6'}

  merge-source-map@1.1.0:
    resolution: {integrity: sha1-L93n5gIJOfcJBqaPLXrmheTIxkY=}

  micromatch@4.0.8:
    resolution: {integrity: sha1-1m+hjzpHB2eJMgubGvMr2G2fogI=}
    engines: {node: '>=8.6'}

  mime@1.6.0:
    resolution: {integrity: sha1-Ms2eXGRVO9WNGaVor0Uqz/BJgbE=}
    engines: {node: '>=4'}
    hasBin: true

  minimatch@3.1.2:
    resolution: {integrity: sha1-Gc0ZS/0+Qo8EmnCBfAONiatL41s=}

  minimatch@9.0.3:
    resolution: {integrity: sha1-puAMPeRMOlQr+q5wq/wiQgptqCU=}
    engines: {node: '>=16 || 14 >=14.17'}

  minipass@7.1.2:
    resolution: {integrity: sha1-k6libOXl5mvU24aEnnUV6SNApwc=}
    engines: {node: '>=16 || 14 >=14.17'}

  ms@2.1.3:
    resolution: {integrity: sha1-V0yBOM4dK1hh8LRFedut1gxmFbI=}

  muggle-string@0.4.1:
    resolution: {integrity: sha1-OzZr1Dsy+AncIGWVNN0w58ig0yg=}

  nanoid@3.3.7:
    resolution: {integrity: sha1-0MMBppG8jVTvoKIibM8/4v1la9g=}
    engines: {node: ^10 || ^12 || ^13.7 || ^14 || >=15.0.1}
    hasBin: true

  needle@3.2.0:
    resolution: {integrity: sha1-B9JA68q/1lx2wDr65/be/mRp30Q=}
    engines: {node: '>= 4.4.x'}
    hasBin: true

  no-case@2.3.2:
    resolution: {integrity: sha1-YLgTOWvjmz8SiKTB7V0efSi0ZKw=}

  node-addon-api@7.0.0:
    resolution: {integrity: sha1-gTat0vUQmXs7lIFPSvHM4LDjli4=}

  once@1.4.0:
    resolution: {integrity: sha1-WDsap3WWHUsROsF9nFC6753Xa9E=}

  optionator@0.8.3:
    resolution: {integrity: sha1-hPodA2/p08fiHZmIS2ARZ+yPtJU=}
    engines: {node: '>= 0.8.0'}

  param-case@2.1.1:
    resolution: {integrity: sha512-eQE845L6ot89sk2N8liD8HAuH4ca6Vvr7VWAWwt7+kvvG5aBcPmmphQ68JsEG2qa9n1TykS2DLeMt363AAH8/w==}

  parse-node-version@1.0.1:
    resolution: {integrity: sha1-4rXb7eAOf6m8NjYH9TMn6LBzGJs=}
    engines: {node: '>= 0.10'}

  path-browserify@1.0.1:
    resolution: {integrity: sha1-2YRUqcN1PVeQhg8W9ohnueRr4f0=}

  path-is-absolute@1.0.1:
    resolution: {integrity: sha512-AVbw3UJ2e9bq64vSaS9Am0fje1Pa8pbGqTTsmXfaIiMpnr5DlDhfJOuLj9Sf95ZPVDAUerDfEk88MPmPe7UCQg==}
    engines: {node: '>=0.10.0'}

  path-key@3.1.1:
    resolution: {integrity: sha1-WB9q3mWMu6ZaDTOA3ndTKVBU83U=}
    engines: {node: '>=8'}

  path-scurry@1.11.1:
    resolution: {integrity: sha1-eWCmaIiFlKByCxKpEdGnQqufEdI=}
    engines: {node: '>=16 || 14 >=14.18'}

  picocolors@1.1.1:
    resolution: {integrity: sha1-PTIa8+q5ObCDyPkpodEs2oHCa2s=}

  picomatch@2.3.1:
    resolution: {integrity: sha1-O6ODNzNkbZ0+SZWUbBNlpn+wekI=}
    engines: {node: '>=8.6'}

  pify@4.0.1:
    resolution: {integrity: sha1-SyzSXFDVmHNcUCkiJP2MbfQeMjE=}
    engines: {node: '>=6'}

  postcss@8.4.48:
    resolution: {integrity: sha1-dl8/irqiorBlzd28V61MtaduUV8=}
    engines: {node: ^10 || ^12 || >=14}

  prelude-ls@1.1.2:
    resolution: {integrity: sha1-IZMqVJ9eUv/ZqCf1cOBL5iqX2lQ=}
    engines: {node: '>= 0.8.0'}

  prr@1.0.1:
    resolution: {integrity: sha1-0/wRS6BplaRexok/SEzrHXj19HY=}

  readdirp@4.0.2:
    resolution: {integrity: sha1-OI/MuLdWZdo6v/4tj47Vn+dMIwo=}
    engines: {node: '>= 14.16.0'}

  relateurl@0.2.7:
    resolution: {integrity: sha1-VNvzd+UUQKypCkzSdGANP/LYiKk=}
    engines: {node: '>= 0.10'}

  rollup@4.24.0:
    resolution: {integrity: sha1-wUo1dvIGIupqXJytfKyl5ulVXQU=}
    engines: {node: '>=18.0.0', npm: '>=8.0.0'}
    hasBin: true

  safer-buffer@2.1.2:
    resolution: {integrity: sha1-RPoWGwGHuVSd2Eu5GAL5vYOFzWo=}

  sass@1.79.5:
    resolution: {integrity: sha1-ZGxidgHNX4TGT3sUhbkpKjE++uQ=}
    engines: {node: '>=14.0.0'}
    hasBin: true

  sax@1.2.4:
    resolution: {integrity: sha1-KBYjTiN4vdxOU1T6tcqold9xANk=}

  sax@1.3.0:
    resolution: {integrity: sha1-pdvnfbO+BcnR7neF29PqneUVk9A=}

  semver@5.7.1:
    resolution: {integrity: sha512-sauaDf/PZdVgrLTNYHRtpXa1iRiKcaebiKQ1BJdpQlWH2lCvexQdX55snPFyK7QzpudqbCI0qXFfOasHdyNDGQ==}
    hasBin: true

  semver@7.5.4:
    resolution: {integrity: sha1-SDmG7E7TjhxsSMNIlKkYLb/2im4=}
    engines: {node: '>=10'}
    hasBin: true

  shebang-command@2.0.0:
    resolution: {integrity: sha1-zNCvT4g1+9wmW4JGGq8MNmY/NOo=}
    engines: {node: '>=8'}

  shebang-regex@3.0.0:
    resolution: {integrity: sha1-rhbxZE2HPsrYQ7AwexQzYtTEIXI=}
    engines: {node: '>=8'}

  signal-exit@4.1.0:
    resolution: {integrity: sha1-lSGIwcvVRgcOLdIND0HArgUwywQ=}
    engines: {node: '>=14'}

  source-map-js@1.2.1:
    resolution: {integrity: sha1-HOVlD93YerwJnto33P8CTCZnrkY=}
    engines: {node: '>=0.10.0'}

  source-map-support@0.5.21:
    resolution: {integrity: sha1-BP58f54e0tZiIzwoyys1ufY/bk8=}

  source-map@0.5.7:
    resolution: {integrity: sha1-igOdLRAh0i0eoUyA2OpGi6LvP8w=}
    engines: {node: '>=0.10.0'}

  source-map@0.6.1:
    resolution: {integrity: sha1-dHIq8y6WFOnCh6jQu95IteLxomM=}
    engines: {node: '>=0.10.0'}

  source-map@0.7.4:
    resolution: {integrity: sha1-qbvnBcnYhG9OCP9nZazw8bCJhlY=}
    engines: {node: '>= 8'}

  string-width@4.2.3:
    resolution: {integrity: sha1-JpxxF9J7Ba0uU2gwqOyJXvnG0BA=}
    engines: {node: '>=8'}

  string-width@5.1.2:
    resolution: {integrity: sha1-FPja7G2B5yIdKjV+Zoyrc728p5Q=}
    engines: {node: '>=12'}

  strip-ansi@6.0.1:
    resolution: {integrity: sha1-nibGPTD1NEPpSJSVshBdN7Z6hdk=}
    engines: {node: '>=8'}

  strip-ansi@7.1.0:
    resolution: {integrity: sha1-1bZWjKaJ2FYTcLBwdoXSJDT6/0U=}
    engines: {node: '>=12'}

  stylus@0.63.0:
    resolution: {integrity: sha1-UR6NVvIAWwkBD7wfYlYce29ypJA=}
    hasBin: true

  sugarss@4.0.1:
    resolution: {integrity: sha1-Eop4Ptce4Pw7SJzh99Wom8HiQ4M=}
    engines: {node: '>=12.0'}
    peerDependencies:
      postcss: ^8.3.3

  terser@5.34.1:
    resolution: {integrity: sha1-r0A4a9vlSvDQY+BnCv1VwxBavrY=}
    engines: {node: '>=10'}
    hasBin: true

  to-regex-range@5.0.1:
    resolution: {integrity: sha1-FkjESq58jZiKMmAY7XL1tN0DkuQ=}
    engines: {node: '>=8.0'}

  tslib@2.7.0:
    resolution: {integrity: sha1-2bQMXECrWehzjyl98wh78aJpDAE=}

  type-check@0.3.2:
    resolution: {integrity: sha1-WITKtRLPHTVeP7eE8wgEsrUg23I=}
    engines: {node: '>= 0.8.0'}

  typescript@5.6.3:
    resolution: {integrity: sha1-XzRJ4xydlP67F94DzAgd1W2B21s=}
    engines: {node: '>=14.17'}
    hasBin: true

  uglify-js@3.4.10:
    resolution: {integrity: sha512-Y2VsbPVs0FIshJztycsO2SfPk7/KAF/T72qzv9u5EpQ4kB2hQoHlhNQTsNyy6ul7lQtqJN/AoWeS23OzEiEFxw==}
    engines: {node: '>=0.8.0'}
    hasBin: true

  undici-types@6.19.8:
    resolution: {integrity: sha1-NREcnRQ3q4OnzcCrri8m2I7aCgI=}

  upper-case@1.1.3:
    resolution: {integrity: sha1-9rRQHC7EzdJrp4vnIilh3ndiFZg=}

  vite@5.2.12:
    resolution: {integrity: sha1-NTbJPFi6GO3qSRWirFc+ZTdAnZc=}
    engines: {node: ^18.0.0 || >=20.0.0}
    hasBin: true
    peerDependencies:
      '@types/node': ^18.0.0 || >=20.0.0
      less: '*'
      lightningcss: ^1.21.0
      sass: '*'
      stylus: '*'
      sugarss: '*'
      terser: ^5.4.0

  vscode-uri@3.0.8:
    resolution: {integrity: sha1-F3CTjT5yWIZZoXLQ/UZCeACD/58=}

  vue-template-compiler@2.7.14:
    resolution: {integrity: sha1-RUW337iAkHRMFXeuWsP5ZOYWNLE=}

  vue-tsc@2.0.24:
    resolution: {integrity: sha1-mTgYVJKDO67aIrbIWnujFtT9SHM=}
    hasBin: true
    peerDependencies:
      typescript: '>=5.0.0'

  vue@3.5.13:
    resolution: {integrity: sha1-n3YKGpgrCcDASoZ5A/wznJ8p7Ao=}
    peerDependencies:
      typescript: '*'

  which@2.0.2:
    resolution: {integrity: sha1-fGqN0KY2oDJ+ELWckobu6T8/UbE=}
    engines: {node: '>= 8'}
    hasBin: true

  word-wrap@1.2.5:
    resolution: {integrity: sha1-0sRcbdT7zmIaZvE2y+Mor9BBCzQ=}
    engines: {node: '>=0.10.0'}

  wrap-ansi@7.0.0:
    resolution: {integrity: sha1-Z+FFz/UQpqaYS98RUpEdadLrnkM=}
    engines: {node: '>=10'}

  wrap-ansi@8.1.0:
    resolution: {integrity: sha1-VtwiNo7lcPrOG0mBmXXZuaXq0hQ=}
    engines: {node: '>=12'}

  wrappy@1.0.2:
    resolution: {integrity: sha1-tSQ9jz7BqjXxNkYFvA0QNuMKtp8=}

  yallist@4.0.0:
    resolution: {integrity: sha1-m7knkNnA7/7GO+c1GeEaNQGaOnI=}

snapshots:

  '@adobe/css-tools@4.3.3': {}

  '@babel/helper-string-parser@7.25.9': {}

  '@babel/helper-validator-identifier@7.25.9': {}

  '@babel/parser@7.26.2':
    dependencies:
      '@babel/types': 7.26.0

  '@babel/types@7.26.0':
    dependencies:
      '@babel/helper-string-parser': 7.25.9
      '@babel/helper-validator-identifier': 7.25.9

  '@esbuild/aix-ppc64@0.20.2':
    optional: true

  '@esbuild/android-arm64@0.20.2':
    optional: true

  '@esbuild/android-arm@0.20.2':
    optional: true

  '@esbuild/android-x64@0.20.2':
    optional: true

  '@esbuild/darwin-arm64@0.20.2':
    optional: true

  '@esbuild/darwin-x64@0.20.2':
    optional: true

  '@esbuild/freebsd-arm64@0.20.2':
    optional: true

  '@esbuild/freebsd-x64@0.20.2':
    optional: true

  '@esbuild/linux-arm64@0.20.2':
    optional: true

  '@esbuild/linux-arm@0.20.2':
    optional: true

  '@esbuild/linux-ia32@0.20.2':
    optional: true

  '@esbuild/linux-loong64@0.20.2':
    optional: true

  '@esbuild/linux-mips64el@0.20.2':
    optional: true

  '@esbuild/linux-ppc64@0.20.2':
    optional: true

  '@esbuild/linux-riscv64@0.20.2':
    optional: true

  '@esbuild/linux-s390x@0.20.2':
    optional: true

  '@esbuild/linux-x64@0.20.2':
    optional: true

  '@esbuild/netbsd-x64@0.20.2':
    optional: true

  '@esbuild/openbsd-x64@0.20.2':
    optional: true

  '@esbuild/sunos-x64@0.20.2':
    optional: true

  '@esbuild/win32-arm64@0.20.2':
    optional: true

  '@esbuild/win32-ia32@0.20.2':
    optional: true

  '@esbuild/win32-x64@0.20.2':
    optional: true

  '@isaacs/cliui@8.0.2':
    dependencies:
      string-width: 5.1.2
      string-width-cjs: string-width@4.2.3
      strip-ansi: 7.1.0
      strip-ansi-cjs: strip-ansi@6.0.1
      wrap-ansi: 8.1.0
      wrap-ansi-cjs: wrap-ansi@7.0.0

  '@jridgewell/gen-mapping@0.3.5':
    dependencies:
      '@jridgewell/set-array': 1.2.1
      '@jridgewell/sourcemap-codec': 1.5.0
      '@jridgewell/trace-mapping': 0.3.25

  '@jridgewell/resolve-uri@3.1.2': {}

  '@jridgewell/set-array@1.2.1': {}

  '@jridgewell/source-map@0.3.6':
    dependencies:
      '@jridgewell/gen-mapping': 0.3.5
      '@jridgewell/trace-mapping': 0.3.25

  '@jridgewell/sourcemap-codec@1.5.0': {}

  '@jridgewell/trace-mapping@0.3.25':
    dependencies:
      '@jridgewell/resolve-uri': 3.1.2
      '@jridgewell/sourcemap-codec': 1.5.0

  '@parcel/watcher-android-arm64@2.4.1':
    optional: true

  '@parcel/watcher-darwin-arm64@2.4.1':
    optional: true

  '@parcel/watcher-darwin-x64@2.4.1':
    optional: true

  '@parcel/watcher-freebsd-x64@2.4.1':
    optional: true

  '@parcel/watcher-linux-arm-glibc@2.4.1':
    optional: true

  '@parcel/watcher-linux-arm64-glibc@2.4.1':
    optional: true

  '@parcel/watcher-linux-arm64-musl@2.4.1':
    optional: true

  '@parcel/watcher-linux-x64-glibc@2.4.1':
    optional: true

  '@parcel/watcher-linux-x64-musl@2.4.1':
    optional: true

  '@parcel/watcher-win32-arm64@2.4.1':
    optional: true

  '@parcel/watcher-win32-ia32@2.4.1':
    optional: true

  '@parcel/watcher-win32-x64@2.4.1':
    optional: true

  '@parcel/watcher@2.4.1':
    dependencies:
      detect-libc: 1.0.3
      is-glob: 4.0.3
      micromatch: 4.0.8
      node-addon-api: 7.0.0
    optionalDependencies:
      '@parcel/watcher-android-arm64': 2.4.1
      '@parcel/watcher-darwin-arm64': 2.4.1
      '@parcel/watcher-darwin-x64': 2.4.1
      '@parcel/watcher-freebsd-x64': 2.4.1
      '@parcel/watcher-linux-arm-glibc': 2.4.1
      '@parcel/watcher-linux-arm64-glibc': 2.4.1
      '@parcel/watcher-linux-arm64-musl': 2.4.1
      '@parcel/watcher-linux-x64-glibc': 2.4.1
      '@parcel/watcher-linux-x64-musl': 2.4.1
      '@parcel/watcher-win32-arm64': 2.4.1
      '@parcel/watcher-win32-ia32': 2.4.1
      '@parcel/watcher-win32-x64': 2.4.1

  '@pkgjs/parseargs@0.11.0':
    optional: true

  '@rollup/rollup-android-arm-eabi@4.24.0':
    optional: true

  '@rollup/rollup-android-arm64@4.24.0':
    optional: true

  '@rollup/rollup-darwin-arm64@4.24.0':
    optional: true

  '@rollup/rollup-darwin-x64@4.24.0':
    optional: true

  '@rollup/rollup-linux-arm-gnueabihf@4.24.0':
    optional: true

  '@rollup/rollup-linux-arm-musleabihf@4.24.0':
    optional: true

  '@rollup/rollup-linux-arm64-gnu@4.24.0':
    optional: true

  '@rollup/rollup-linux-arm64-musl@4.24.0':
    optional: true

  '@rollup/rollup-linux-powerpc64le-gnu@4.24.0':
    optional: true

  '@rollup/rollup-linux-riscv64-gnu@4.24.0':
    optional: true

  '@rollup/rollup-linux-s390x-gnu@4.24.0':
    optional: true

  '@rollup/rollup-linux-x64-gnu@4.24.0':
    optional: true

  '@rollup/rollup-linux-x64-musl@4.24.0':
    optional: true

  '@rollup/rollup-win32-arm64-msvc@4.24.0':
    optional: true

  '@rollup/rollup-win32-ia32-msvc@4.24.0':
    optional: true

  '@rollup/rollup-win32-x64-msvc@4.24.0':
    optional: true

  '@types/estree@1.0.6': {}

  '@types/node@22.7.5':
    dependencies:
      undici-types: 6.19.8

  '@vitejs/plugin-vue@5.1.2(vite@5.2.12(@types/node@22.7.5)(less@4.1.3)(lightningcss@1.27.0)(sass@1.79.5)(stylus@0.63.0)(sugarss@4.0.1(postcss@8.4.48))(terser@5.34.1))(vue@3.5.13(typescript@5.6.3))':
    dependencies:
      vite: 5.2.12(@types/node@22.7.5)(less@4.1.3)(lightningcss@1.27.0)(sass@1.79.5)(stylus@0.63.0)(sugarss@4.0.1(postcss@8.4.48))(terser@5.34.1)
      vue: 3.5.13(typescript@5.6.3)

  '@voerkai18n/runtime@2.1.12':
    dependencies:
      flex-tools: 1.4.11

  '@volar/language-core@2.4.0':
    dependencies:
      '@volar/source-map': 2.4.0

  '@volar/source-map@2.4.0': {}

  '@volar/typescript@2.4.0':
    dependencies:
      '@volar/language-core': 2.4.0
      path-browserify: 1.0.1
      vscode-uri: 3.0.8

  '@vue/compiler-core@3.5.13':
    dependencies:
      '@babel/parser': 7.26.2
      '@vue/shared': 3.5.13
      entities: 4.5.0
      estree-walker: 2.0.2
      source-map-js: 1.2.1

  '@vue/compiler-dom@3.5.13':
    dependencies:
      '@vue/compiler-core': 3.5.13
      '@vue/shared': 3.5.13

  '@vue/compiler-sfc@3.5.13':
    dependencies:
      '@babel/parser': 7.26.2
      '@vue/compiler-core': 3.5.13
      '@vue/compiler-dom': 3.5.13
      '@vue/compiler-ssr': 3.5.13
      '@vue/shared': 3.5.13
      estree-walker: 2.0.2
      magic-string: 0.30.13
      postcss: 8.4.48
      source-map-js: 1.2.1

  '@vue/compiler-ssr@3.5.13':
    dependencies:
      '@vue/compiler-dom': 3.5.13
      '@vue/shared': 3.5.13

  '@vue/language-core@2.0.24(typescript@5.6.3)':
    dependencies:
      '@volar/language-core': 2.4.0
      '@vue/compiler-dom': 3.5.13
      '@vue/shared': 3.5.13
      computeds: 0.0.1
      minimatch: 9.0.3
      muggle-string: 0.4.1
      path-browserify: 1.0.1
      typescript: 5.6.3
      vue-template-compiler: 2.7.14

  '@vue/reactivity@3.5.13':
    dependencies:
      '@vue/shared': 3.5.13

  '@vue/runtime-core@3.5.13':
    dependencies:
      '@vue/reactivity': 3.5.13
      '@vue/shared': 3.5.13

  '@vue/runtime-dom@3.5.13':
    dependencies:
      '@vue/reactivity': 3.5.13
      '@vue/runtime-core': 3.5.13
      '@vue/shared': 3.5.13
      csstype: 3.1.3

  '@vue/server-renderer@3.5.13(vue@3.5.13(typescript@5.6.3))':
    dependencies:
      '@vue/compiler-ssr': 3.5.13
      '@vue/shared': 3.5.13
      vue: 3.5.13(typescript@5.6.3)

  '@vue/shared@3.5.13': {}

  acorn@5.7.4: {}

  acorn@8.14.0: {}

  ansi-regex@5.0.1: {}

  ansi-regex@6.1.0: {}

  ansi-styles@4.3.0:
    dependencies:
      color-convert: 2.0.1

  ansi-styles@6.2.1: {}

  art-template@4.13.2:
    dependencies:
      acorn: 5.7.4
      escodegen: 1.14.3
      estraverse: 4.3.0
      html-minifier: 3.5.21
      is-keyword-js: 1.0.3
      js-tokens: 3.0.2
      merge-source-map: 1.1.0
      source-map: 0.5.7

  balanced-match@1.0.2: {}

  brace-expansion@1.1.11:
    dependencies:
      balanced-match: 1.0.2
      concat-map: 0.0.1

  brace-expansion@2.0.1:
    dependencies:
      balanced-match: 1.0.2

  braces@3.0.3:
    dependencies:
      fill-range: 7.1.1

  buffer-from@1.1.2: {}

  camel-case@3.0.0:
    dependencies:
      no-case: 2.3.2
      upper-case: 1.1.3

  chokidar@4.0.0:
    dependencies:
      readdirp: 4.0.2

  clean-css@4.2.4:
    dependencies:
      source-map: 0.6.1

  color-convert@2.0.1:
    dependencies:
      color-name: 1.1.4

  color-name@1.1.4: {}

  commander@2.17.1: {}

  commander@2.19.0: {}

  commander@2.20.3: {}

  computeds@0.0.1: {}

  concat-map@0.0.1: {}

  copy-anything@2.0.6:
    dependencies:
      is-what: 3.14.1

  cross-spawn@7.0.6:
    dependencies:
      path-key: 3.1.1
      shebang-command: 2.0.0
      which: 2.0.2

  csstype@3.1.3: {}

  de-indent@1.0.2: {}

  debug@3.2.7:
    dependencies:
      ms: 2.1.3
    optional: true

  debug@4.3.7:
    dependencies:
      ms: 2.1.3

  deep-is@0.1.4: {}

  detect-libc@1.0.3: {}

  eastasianwidth@0.2.0: {}

  emoji-regex@8.0.0: {}

  emoji-regex@9.2.2: {}

  entities@4.5.0: {}

  errno@0.1.8:
    dependencies:
      prr: 1.0.1
    optional: true

  esbuild@0.20.2:
    optionalDependencies:
      '@esbuild/aix-ppc64': 0.20.2
      '@esbuild/android-arm': 0.20.2
      '@esbuild/android-arm64': 0.20.2
      '@esbuild/android-x64': 0.20.2
      '@esbuild/darwin-arm64': 0.20.2
      '@esbuild/darwin-x64': 0.20.2
      '@esbuild/freebsd-arm64': 0.20.2
      '@esbuild/freebsd-x64': 0.20.2
      '@esbuild/linux-arm': 0.20.2
      '@esbuild/linux-arm64': 0.20.2
      '@esbuild/linux-ia32': 0.20.2
      '@esbuild/linux-loong64': 0.20.2
      '@esbuild/linux-mips64el': 0.20.2
      '@esbuild/linux-ppc64': 0.20.2
      '@esbuild/linux-riscv64': 0.20.2
      '@esbuild/linux-s390x': 0.20.2
      '@esbuild/linux-x64': 0.20.2
      '@esbuild/netbsd-x64': 0.20.2
      '@esbuild/openbsd-x64': 0.20.2
      '@esbuild/sunos-x64': 0.20.2
      '@esbuild/win32-arm64': 0.20.2
      '@esbuild/win32-ia32': 0.20.2
      '@esbuild/win32-x64': 0.20.2

  escodegen@1.14.3:
    dependencies:
      esprima: 4.0.1
      estraverse: 4.3.0
      esutils: 2.0.3
      optionator: 0.8.3
    optionalDependencies:
      source-map: 0.6.1

  esprima@4.0.1: {}

  estraverse@4.3.0: {}

  estree-walker@2.0.2: {}

  esutils@2.0.3: {}

  fast-levenshtein@2.0.6: {}

  fill-range@7.1.1:
    dependencies:
      to-regex-range: 5.0.1

  flex-tools@1.4.11:
    dependencies:
      art-template: 4.13.2
      glob: 10.3.3

  foreground-child@3.3.0:
    dependencies:
      cross-spawn: 7.0.6
      signal-exit: 4.1.0

  fs.realpath@1.0.0: {}

  fsevents@2.3.3:
    optional: true

  glob@10.3.3:
    dependencies:
      foreground-child: 3.3.0
      jackspeak: 2.3.6
      minimatch: 9.0.3
      minipass: 7.1.2
      path-scurry: 1.11.1

  glob@7.2.3:
    dependencies:
      fs.realpath: 1.0.0
      inflight: 1.0.6
      inherits: 2.0.4
      minimatch: 3.1.2
      once: 1.4.0
      path-is-absolute: 1.0.1

  graceful-fs@4.2.11:
    optional: true

  he@1.2.0: {}

  html-minifier@3.5.21:
    dependencies:
      camel-case: 3.0.0
      clean-css: 4.2.4
      commander: 2.17.1
      he: 1.2.0
      param-case: 2.1.1
      relateurl: 0.2.7
      uglify-js: 3.4.10

  iconv-lite@0.6.3:
    dependencies:
      safer-buffer: 2.1.2
    optional: true

  image-size@0.5.5:
    optional: true

  immutable@4.3.7: {}

  inflight@1.0.6:
    dependencies:
      once: 1.4.0
      wrappy: 1.0.2

  inherits@2.0.4: {}

  is-extglob@2.1.1: {}

  is-fullwidth-code-point@3.0.0: {}

  is-glob@4.0.3:
    dependencies:
      is-extglob: 2.1.1

  is-keyword-js@1.0.3: {}

  is-number@7.0.0: {}

  is-what@3.14.1: {}

  isexe@2.0.0: {}

  jackspeak@2.3.6:
    dependencies:
      '@isaacs/cliui': 8.0.2
    optionalDependencies:
      '@pkgjs/parseargs': 0.11.0

  js-tokens@3.0.2: {}

  less@4.1.3:
    dependencies:
      copy-anything: 2.0.6
      parse-node-version: 1.0.1
      tslib: 2.7.0
    optionalDependencies:
      errno: 0.1.8
      graceful-fs: 4.2.11
      image-size: 0.5.5
      make-dir: 2.1.0
      mime: 1.6.0
      needle: 3.2.0
      source-map: 0.6.1
    transitivePeerDependencies:
      - supports-color

  levn@0.3.0:
    dependencies:
      prelude-ls: 1.1.2
      type-check: 0.3.2

  lightningcss@1.27.0:
    dependencies:
      detect-libc: 1.0.3

  lower-case@1.1.4: {}

  lru-cache@10.3.0: {}

  lru-cache@6.0.0:
    dependencies:
      yallist: 4.0.0

  magic-string@0.30.13:
    dependencies:
      '@jridgewell/sourcemap-codec': 1.5.0

  make-dir@2.1.0:
    dependencies:
      pify: 4.0.1
      semver: 5.7.1
    optional: true

  merge-source-map@1.1.0:
    dependencies:
      source-map: 0.6.1

  micromatch@4.0.8:
    dependencies:
      braces: 3.0.3
      picomatch: 2.3.1

  mime@1.6.0:
    optional: true

  minimatch@3.1.2:
    dependencies:
      brace-expansion: 1.1.11

  minimatch@9.0.3:
    dependencies:
      brace-expansion: 2.0.1

  minipass@7.1.2: {}

  ms@2.1.3: {}

  muggle-string@0.4.1: {}

  nanoid@3.3.7: {}

  needle@3.2.0:
    dependencies:
      debug: 3.2.7
      iconv-lite: 0.6.3
      sax: 1.2.4
    transitivePeerDependencies:
      - supports-color
    optional: true

  no-case@2.3.2:
    dependencies:
      lower-case: 1.1.4

  node-addon-api@7.0.0: {}

  once@1.4.0:
    dependencies:
      wrappy: 1.0.2

  optionator@0.8.3:
    dependencies:
      deep-is: 0.1.4
      fast-levenshtein: 2.0.6
      levn: 0.3.0
      prelude-ls: 1.1.2
      type-check: 0.3.2
      word-wrap: 1.2.5

  param-case@2.1.1:
    dependencies:
      no-case: 2.3.2

  parse-node-version@1.0.1: {}

  path-browserify@1.0.1: {}

  path-is-absolute@1.0.1: {}

  path-key@3.1.1: {}

  path-scurry@1.11.1:
    dependencies:
      lru-cache: 10.3.0
      minipass: 7.1.2

  picocolors@1.1.1: {}

  picomatch@2.3.1: {}

  pify@4.0.1:
    optional: true

  postcss@8.4.48:
    dependencies:
      nanoid: 3.3.7
      picocolors: 1.1.1
      source-map-js: 1.2.1

  prelude-ls@1.1.2: {}

  prr@1.0.1:
    optional: true

  readdirp@4.0.2: {}

  relateurl@0.2.7: {}

  rollup@4.24.0:
    dependencies:
      '@types/estree': 1.0.6
    optionalDependencies:
      '@rollup/rollup-android-arm-eabi': 4.24.0
      '@rollup/rollup-android-arm64': 4.24.0
      '@rollup/rollup-darwin-arm64': 4.24.0
      '@rollup/rollup-darwin-x64': 4.24.0
      '@rollup/rollup-linux-arm-gnueabihf': 4.24.0
      '@rollup/rollup-linux-arm-musleabihf': 4.24.0
      '@rollup/rollup-linux-arm64-gnu': 4.24.0
      '@rollup/rollup-linux-arm64-musl': 4.24.0
      '@rollup/rollup-linux-powerpc64le-gnu': 4.24.0
      '@rollup/rollup-linux-riscv64-gnu': 4.24.0
      '@rollup/rollup-linux-s390x-gnu': 4.24.0
      '@rollup/rollup-linux-x64-gnu': 4.24.0
      '@rollup/rollup-linux-x64-musl': 4.24.0
      '@rollup/rollup-win32-arm64-msvc': 4.24.0
      '@rollup/rollup-win32-ia32-msvc': 4.24.0
      '@rollup/rollup-win32-x64-msvc': 4.24.0
      fsevents: 2.3.3

  safer-buffer@2.1.2:
    optional: true

  sass@1.79.5:
    dependencies:
      '@parcel/watcher': 2.4.1
      chokidar: 4.0.0
      immutable: 4.3.7
      source-map-js: 1.2.1

  sax@1.2.4:
    optional: true

  sax@1.3.0: {}

  semver@5.7.1:
    optional: true

  semver@7.5.4:
    dependencies:
      lru-cache: 6.0.0

  shebang-command@2.0.0:
    dependencies:
      shebang-regex: 3.0.0

  shebang-regex@3.0.0: {}

  signal-exit@4.1.0: {}

  source-map-js@1.2.1: {}

  source-map-support@0.5.21:
    dependencies:
      buffer-from: 1.1.2
      source-map: 0.6.1

  source-map@0.5.7: {}

  source-map@0.6.1: {}

  source-map@0.7.4: {}

  string-width@4.2.3:
    dependencies:
      emoji-regex: 8.0.0
      is-fullwidth-code-point: 3.0.0
      strip-ansi: 6.0.1

  string-width@5.1.2:
    dependencies:
      eastasianwidth: 0.2.0
      emoji-regex: 9.2.2
      strip-ansi: 7.1.0

  strip-ansi@6.0.1:
    dependencies:
      ansi-regex: 5.0.1

  strip-ansi@7.1.0:
    dependencies:
      ansi-regex: 6.1.0

  stylus@0.63.0:
    dependencies:
      '@adobe/css-tools': 4.3.3
      debug: 4.3.7
      glob: 7.2.3
      sax: 1.3.0
      source-map: 0.7.4

  sugarss@4.0.1(postcss@8.4.48):
    dependencies:
      postcss: 8.4.48

  terser@5.34.1:
    dependencies:
      '@jridgewell/source-map': 0.3.6
      acorn: 8.14.0
      commander: 2.20.3
      source-map-support: 0.5.21

  to-regex-range@5.0.1:
    dependencies:
      is-number: 7.0.0

  tslib@2.7.0: {}

  type-check@0.3.2:
    dependencies:
      prelude-ls: 1.1.2

  typescript@5.6.3: {}

  uglify-js@3.4.10:
    dependencies:
      commander: 2.19.0
      source-map: 0.6.1

  undici-types@6.19.8: {}

  upper-case@1.1.3: {}

  vite@5.2.12(@types/node@22.7.5)(less@4.1.3)(lightningcss@1.27.0)(sass@1.79.5)(stylus@0.63.0)(sugarss@4.0.1(postcss@8.4.48))(terser@5.34.1):
    dependencies:
      '@types/node': 22.7.5
      esbuild: 0.20.2
      less: 4.1.3
      lightningcss: 1.27.0
      postcss: 8.4.48
      rollup: 4.24.0
      sass: 1.79.5
      stylus: 0.63.0
      sugarss: 4.0.1(postcss@8.4.48)
      terser: 5.34.1
    optionalDependencies:
      fsevents: 2.3.3

  vscode-uri@3.0.8: {}

  vue-template-compiler@2.7.14:
    dependencies:
      de-indent: 1.0.2
      he: 1.2.0

  vue-tsc@2.0.24(typescript@5.6.3):
    dependencies:
      '@volar/typescript': 2.4.0
      '@vue/language-core': 2.0.24(typescript@5.6.3)
      semver: 7.5.4
      typescript: 5.6.3

  vue@3.5.13(typescript@5.6.3):
    dependencies:
      '@vue/compiler-dom': 3.5.13
      '@vue/compiler-sfc': 3.5.13
      '@vue/runtime-dom': 3.5.13
      '@vue/server-renderer': 3.5.13(vue@3.5.13(typescript@5.6.3))
      '@vue/shared': 3.5.13
      typescript: 5.6.3

  which@2.0.2:
    dependencies:
      isexe: 2.0.0

  word-wrap@1.2.5: {}

  wrap-ansi@7.0.0:
    dependencies:
      ansi-styles: 4.3.0
      string-width: 4.2.3
      strip-ansi: 6.0.1

  wrap-ansi@8.1.0:
    dependencies:
      ansi-styles: 6.2.1
      string-width: 5.1.2
      strip-ansi: 7.1.0

  wrappy@1.0.2: {}

  yallist@4.0.0: {}
