lockfileVersion: '9.0'

settings:
  autoInstallPeers: true
  excludeLinksFromLockfile: false

importers:

  .:
    dependencies:
      '@voerkai18n/runtime':
        specifier: 2.1.12
        version: 2.1.12

packages:

  '@isaacs/cliui@8.0.2':
    resolution: {integrity: sha1-s3Znt7wYHBaHgiWbq0JHT79StVA=}
    engines: {node: '>=12'}

  '@pkgjs/parseargs@0.11.0':
    resolution: {integrity: sha1-p36nQvqyV3UUVDTrHSMoz1ATrDM=}
    engines: {node: '>=14'}

  '@voerkai18n/runtime@2.1.12':
    resolution: {integrity: sha1-Vuu6MrrxioIoWI2lG2m2VYLGoZU=}

  acorn@5.7.4:
    resolution: {integrity: sha512-1D++VG7BhrtvQpNbBzovKNc1FLGGEE/oGe7b9xJm/RFHMBeUaUGpluV9RLjZa47YFdPcDAenEYuq9pQPcMdLJg==}
    engines: {node: '>=0.4.0'}
    hasBin: true

  ansi-regex@5.0.1:
    resolution: {integrity: sha1-CCyyyJyf6GWaMRpTvWpNxTAdswQ=}
    engines: {node: '>=8'}

  ansi-regex@6.1.0:
    resolution: {integrity: sha1-lexAnGlhnWyxuLNPFLZg7yjr1lQ=}
    engines: {node: '>=12'}

  ansi-styles@4.3.0:
    resolution: {integrity: sha512-zbB9rCJAT1rbjiVDb2hqKFHNYLxgtk8NURxZ3IZwD3F6NtxbXZQCnnSi1Lkx+IDohdPlFp222wVALIheZJQSEg==}
    engines: {node: '>=8'}

  ansi-styles@6.2.1:
    resolution: {integrity: sha1-DmIyDPmcIa//OzASGSVGqsv7BcU=}
    engines: {node: '>=12'}

  art-template@4.13.2:
    resolution: {integrity: sha1-TEy9RN4IqtAxZgJAhx9Fx9c3z8E=}
    engines: {node: '>= 1.0.0'}

  balanced-match@1.0.2:
    resolution: {integrity: sha1-6D46fj8wCzTLnYf2FfoMvzV2kO4=}

  brace-expansion@2.0.1:
    resolution: {integrity: sha1-HtxFng8MVISG7Pn8mfIiE2S5oK4=}

  camel-case@3.0.0:
    resolution: {integrity: sha1-yjw2iKTpzzpM2nd9xNy8cTJJz3M=}

  clean-css@4.2.4:
    resolution: {integrity: sha512-EJUDT7nDVFDvaQgAo2G/PJvxmp1o/c6iXLbswsBbUFXi1Nr+AjA2cKmfbKDMjMvzEe75g3P6JkaDDAKk96A85A==}
    engines: {node: '>= 4.0'}

  color-convert@2.0.1:
    resolution: {integrity: sha1-ctOmjVmMm9s68q0ehPIdiWq9TeM=}
    engines: {node: '>=7.0.0'}

  color-name@1.1.4:
    resolution: {integrity: sha1-wqCah6y95pVD3m9j+jmVyCbFNqI=}

  commander@2.17.1:
    resolution: {integrity: sha1-vXerfebelCBc6sxy8XFtKfIKd78=}

  commander@2.19.0:
    resolution: {integrity: sha1-9hmKqE5bg8RgVLlN3tv+1e6f8So=}

  cross-spawn@7.0.6:
    resolution: {integrity: sha1-ilj+ePANzXDDcEUXWd+/rwPo7p8=}
    engines: {node: '>= 8'}

  deep-is@0.1.4:
    resolution: {integrity: sha1-pvLc5hL63S7x9Rm3NVHxfoUZmDE=}

  eastasianwidth@0.2.0:
    resolution: {integrity: sha1-aWzi7Aqg5uqTo5f/zySqeEDIJ8s=}

  emoji-regex@8.0.0:
    resolution: {integrity: sha1-6Bj9ac5cz8tARZT4QpY79TFkzDc=}

  emoji-regex@9.2.2:
    resolution: {integrity: sha1-hAyIA7DYBH9P8M+WMXazLU7z7XI=}

  escodegen@1.14.3:
    resolution: {integrity: sha512-qFcX0XJkdg+PB3xjZZG/wKSuT1PnQWx57+TVSjIMmILd2yC/6ByYElPwJnslDsuWuSAp4AwJGumarAAmJch5Kw==}
    engines: {node: '>=4.0'}
    hasBin: true

  esprima@4.0.1:
    resolution: {integrity: sha1-E7BM2z5sXRnfkatph6hpVhmwqnE=}
    engines: {node: '>=4'}
    hasBin: true

  estraverse@4.3.0:
    resolution: {integrity: sha512-39nnKffWz8xN1BU/2c79n9nB9HDzo0niYUqx6xyqUnyoAnQyyWpOTdZEeiCch8BBu515t4wp9ZmgVfVhn9EBpw==}
    engines: {node: '>=4.0'}

  esutils@2.0.3:
    resolution: {integrity: sha1-dNLrTeC42hKTcRkQ1Qd1ubcQ72Q=}
    engines: {node: '>=0.10.0'}

  fast-levenshtein@2.0.6:
    resolution: {integrity: sha1-PYpcZog6FqMMqGQ+hR8Zuqd5eRc=}

  flex-tools@1.4.11:
    resolution: {integrity: sha1-nhuU+2GOKooNjH4+3gC7ZqHlZ8U=}

  foreground-child@3.3.0:
    resolution: {integrity: sha1-CshkTAbkMUOfhWHbjs8pp7VRnHc=}
    engines: {node: '>=14'}

  glob@10.3.3:
    resolution: {integrity: sha1-g2Ck/91u2Q34SqjVLyH0UuhqEjs=}
    engines: {node: '>=16 || 14 >=14.17'}
    hasBin: true

  he@1.2.0:
    resolution: {integrity: sha1-hK5l+n6vsWX922FWauFLrwVmTw8=}
    hasBin: true

  html-minifier@3.5.21:
    resolution: {integrity: sha512-LKUKwuJDhxNa3uf/LPR/KVjm/l3rBqtYeCOAekvG8F1vItxMUpueGd94i/asDDr8/1u7InxzFA5EeGjhhG5mMA==}
    engines: {node: '>=4'}
    hasBin: true

  is-fullwidth-code-point@3.0.0:
    resolution: {integrity: sha1-8Rb4Bk/pCz94RKOJl8C3UFEmnx0=}
    engines: {node: '>=8'}

  is-keyword-js@1.0.3:
    resolution: {integrity: sha1-rDDc81tnH0snsX9ctXI1EmAhEy0=}
    engines: {node: '>=0.10.0'}

  isexe@2.0.0:
    resolution: {integrity: sha1-6PvzdNxVb/iUehDcsFctYz8s+hA=}

  jackspeak@2.3.6:
    resolution: {integrity: sha1-ZH7MRyI4ruSwasDkYazCGoxQXKg=}
    engines: {node: '>=14'}

  js-tokens@3.0.2:
    resolution: {integrity: sha1-mGbfOVECEw449/mWvOtlRDIJwls=}

  levn@0.3.0:
    resolution: {integrity: sha1-OwmSTt+fCDwEkP3UwLxEIeBHZO4=}
    engines: {node: '>= 0.8.0'}

  lower-case@1.1.4:
    resolution: {integrity: sha512-2Fgx1Ycm599x+WGpIYwJOvsjmXFzTSc34IwDWALRA/8AopUKAVPwfJ+h5+f85BCp0PWmmJcWzEpxOpoXycMpdA==}

  lru-cache@10.3.0:
    resolution: {integrity: sha1-SkqvEMhGWKtw95qFqaPx4fsRGWs=}
    engines: {node: 14 || >=16.14}

  merge-source-map@1.1.0:
    resolution: {integrity: sha1-L93n5gIJOfcJBqaPLXrmheTIxkY=}

  minimatch@9.0.3:
    resolution: {integrity: sha1-puAMPeRMOlQr+q5wq/wiQgptqCU=}
    engines: {node: '>=16 || 14 >=14.17'}

  minipass@7.1.2:
    resolution: {integrity: sha1-k6libOXl5mvU24aEnnUV6SNApwc=}
    engines: {node: '>=16 || 14 >=14.17'}

  no-case@2.3.2:
    resolution: {integrity: sha1-YLgTOWvjmz8SiKTB7V0efSi0ZKw=}

  optionator@0.8.3:
    resolution: {integrity: sha1-hPodA2/p08fiHZmIS2ARZ+yPtJU=}
    engines: {node: '>= 0.8.0'}

  param-case@2.1.1:
    resolution: {integrity: sha512-eQE845L6ot89sk2N8liD8HAuH4ca6Vvr7VWAWwt7+kvvG5aBcPmmphQ68JsEG2qa9n1TykS2DLeMt363AAH8/w==}

  path-key@3.1.1:
    resolution: {integrity: sha1-WB9q3mWMu6ZaDTOA3ndTKVBU83U=}
    engines: {node: '>=8'}

  path-scurry@1.11.1:
    resolution: {integrity: sha1-eWCmaIiFlKByCxKpEdGnQqufEdI=}
    engines: {node: '>=16 || 14 >=14.18'}

  prelude-ls@1.1.2:
    resolution: {integrity: sha1-IZMqVJ9eUv/ZqCf1cOBL5iqX2lQ=}
    engines: {node: '>= 0.8.0'}

  relateurl@0.2.7:
    resolution: {integrity: sha1-VNvzd+UUQKypCkzSdGANP/LYiKk=}
    engines: {node: '>= 0.10'}

  shebang-command@2.0.0:
    resolution: {integrity: sha1-zNCvT4g1+9wmW4JGGq8MNmY/NOo=}
    engines: {node: '>=8'}

  shebang-regex@3.0.0:
    resolution: {integrity: sha1-rhbxZE2HPsrYQ7AwexQzYtTEIXI=}
    engines: {node: '>=8'}

  signal-exit@4.1.0:
    resolution: {integrity: sha1-lSGIwcvVRgcOLdIND0HArgUwywQ=}
    engines: {node: '>=14'}

  source-map@0.5.7:
    resolution: {integrity: sha1-igOdLRAh0i0eoUyA2OpGi6LvP8w=}
    engines: {node: '>=0.10.0'}

  source-map@0.6.1:
    resolution: {integrity: sha1-dHIq8y6WFOnCh6jQu95IteLxomM=}
    engines: {node: '>=0.10.0'}

  string-width@4.2.3:
    resolution: {integrity: sha1-JpxxF9J7Ba0uU2gwqOyJXvnG0BA=}
    engines: {node: '>=8'}

  string-width@5.1.2:
    resolution: {integrity: sha1-FPja7G2B5yIdKjV+Zoyrc728p5Q=}
    engines: {node: '>=12'}

  strip-ansi@6.0.1:
    resolution: {integrity: sha1-nibGPTD1NEPpSJSVshBdN7Z6hdk=}
    engines: {node: '>=8'}

  strip-ansi@7.1.0:
    resolution: {integrity: sha1-1bZWjKaJ2FYTcLBwdoXSJDT6/0U=}
    engines: {node: '>=12'}

  type-check@0.3.2:
    resolution: {integrity: sha1-WITKtRLPHTVeP7eE8wgEsrUg23I=}
    engines: {node: '>= 0.8.0'}

  uglify-js@3.4.10:
    resolution: {integrity: sha512-Y2VsbPVs0FIshJztycsO2SfPk7/KAF/T72qzv9u5EpQ4kB2hQoHlhNQTsNyy6ul7lQtqJN/AoWeS23OzEiEFxw==}
    engines: {node: '>=0.8.0'}
    hasBin: true

  upper-case@1.1.3:
    resolution: {integrity: sha1-9rRQHC7EzdJrp4vnIilh3ndiFZg=}

  which@2.0.2:
    resolution: {integrity: sha1-fGqN0KY2oDJ+ELWckobu6T8/UbE=}
    engines: {node: '>= 8'}
    hasBin: true

  word-wrap@1.2.5:
    resolution: {integrity: sha1-0sRcbdT7zmIaZvE2y+Mor9BBCzQ=}
    engines: {node: '>=0.10.0'}

  wrap-ansi@7.0.0:
    resolution: {integrity: sha1-Z+FFz/UQpqaYS98RUpEdadLrnkM=}
    engines: {node: '>=10'}

  wrap-ansi@8.1.0:
    resolution: {integrity: sha1-VtwiNo7lcPrOG0mBmXXZuaXq0hQ=}
    engines: {node: '>=12'}

snapshots:

  '@isaacs/cliui@8.0.2':
    dependencies:
      string-width: 5.1.2
      string-width-cjs: string-width@4.2.3
      strip-ansi: 7.1.0
      strip-ansi-cjs: strip-ansi@6.0.1
      wrap-ansi: 8.1.0
      wrap-ansi-cjs: wrap-ansi@7.0.0

  '@pkgjs/parseargs@0.11.0':
    optional: true

  '@voerkai18n/runtime@2.1.12':
    dependencies:
      flex-tools: 1.4.11

  acorn@5.7.4: {}

  ansi-regex@5.0.1: {}

  ansi-regex@6.1.0: {}

  ansi-styles@4.3.0:
    dependencies:
      color-convert: 2.0.1

  ansi-styles@6.2.1: {}

  art-template@4.13.2:
    dependencies:
      acorn: 5.7.4
      escodegen: 1.14.3
      estraverse: 4.3.0
      html-minifier: 3.5.21
      is-keyword-js: 1.0.3
      js-tokens: 3.0.2
      merge-source-map: 1.1.0
      source-map: 0.5.7

  balanced-match@1.0.2: {}

  brace-expansion@2.0.1:
    dependencies:
      balanced-match: 1.0.2

  camel-case@3.0.0:
    dependencies:
      no-case: 2.3.2
      upper-case: 1.1.3

  clean-css@4.2.4:
    dependencies:
      source-map: 0.6.1

  color-convert@2.0.1:
    dependencies:
      color-name: 1.1.4

  color-name@1.1.4: {}

  commander@2.17.1: {}

  commander@2.19.0: {}

  cross-spawn@7.0.6:
    dependencies:
      path-key: 3.1.1
      shebang-command: 2.0.0
      which: 2.0.2

  deep-is@0.1.4: {}

  eastasianwidth@0.2.0: {}

  emoji-regex@8.0.0: {}

  emoji-regex@9.2.2: {}

  escodegen@1.14.3:
    dependencies:
      esprima: 4.0.1
      estraverse: 4.3.0
      esutils: 2.0.3
      optionator: 0.8.3
    optionalDependencies:
      source-map: 0.6.1

  esprima@4.0.1: {}

  estraverse@4.3.0: {}

  esutils@2.0.3: {}

  fast-levenshtein@2.0.6: {}

  flex-tools@1.4.11:
    dependencies:
      art-template: 4.13.2
      glob: 10.3.3

  foreground-child@3.3.0:
    dependencies:
      cross-spawn: 7.0.6
      signal-exit: 4.1.0

  glob@10.3.3:
    dependencies:
      foreground-child: 3.3.0
      jackspeak: 2.3.6
      minimatch: 9.0.3
      minipass: 7.1.2
      path-scurry: 1.11.1

  he@1.2.0: {}

  html-minifier@3.5.21:
    dependencies:
      camel-case: 3.0.0
      clean-css: 4.2.4
      commander: 2.17.1
      he: 1.2.0
      param-case: 2.1.1
      relateurl: 0.2.7
      uglify-js: 3.4.10

  is-fullwidth-code-point@3.0.0: {}

  is-keyword-js@1.0.3: {}

  isexe@2.0.0: {}

  jackspeak@2.3.6:
    dependencies:
      '@isaacs/cliui': 8.0.2
    optionalDependencies:
      '@pkgjs/parseargs': 0.11.0

  js-tokens@3.0.2: {}

  levn@0.3.0:
    dependencies:
      prelude-ls: 1.1.2
      type-check: 0.3.2

  lower-case@1.1.4: {}

  lru-cache@10.3.0: {}

  merge-source-map@1.1.0:
    dependencies:
      source-map: 0.6.1

  minimatch@9.0.3:
    dependencies:
      brace-expansion: 2.0.1

  minipass@7.1.2: {}

  no-case@2.3.2:
    dependencies:
      lower-case: 1.1.4

  optionator@0.8.3:
    dependencies:
      deep-is: 0.1.4
      fast-levenshtein: 2.0.6
      levn: 0.3.0
      prelude-ls: 1.1.2
      type-check: 0.3.2
      word-wrap: 1.2.5

  param-case@2.1.1:
    dependencies:
      no-case: 2.3.2

  path-key@3.1.1: {}

  path-scurry@1.11.1:
    dependencies:
      lru-cache: 10.3.0
      minipass: 7.1.2

  prelude-ls@1.1.2: {}

  relateurl@0.2.7: {}

  shebang-command@2.0.0:
    dependencies:
      shebang-regex: 3.0.0

  shebang-regex@3.0.0: {}

  signal-exit@4.1.0: {}

  source-map@0.5.7: {}

  source-map@0.6.1: {}

  string-width@4.2.3:
    dependencies:
      emoji-regex: 8.0.0
      is-fullwidth-code-point: 3.0.0
      strip-ansi: 6.0.1

  string-width@5.1.2:
    dependencies:
      eastasianwidth: 0.2.0
      emoji-regex: 9.2.2
      strip-ansi: 7.1.0

  strip-ansi@6.0.1:
    dependencies:
      ansi-regex: 5.0.1

  strip-ansi@7.1.0:
    dependencies:
      ansi-regex: 6.1.0

  type-check@0.3.2:
    dependencies:
      prelude-ls: 1.1.2

  uglify-js@3.4.10:
    dependencies:
      commander: 2.19.0
      source-map: 0.6.1

  upper-case@1.1.3: {}

  which@2.0.2:
    dependencies:
      isexe: 2.0.0

  word-wrap@1.2.5: {}

  wrap-ansi@7.0.0:
    dependencies:
      ansi-styles: 4.3.0
      string-width: 4.2.3
      strip-ansi: 6.0.1

  wrap-ansi@8.1.0:
    dependencies:
      ansi-styles: 6.2.1
      string-width: 5.1.2
      strip-ansi: 7.1.0
